PODS:
  - Alamofire (5.6.1)
  - KakaoSDKAuth (2.11.1):
    - KakaoSDKCommon (= 2.11.1)
  - KakaoSDKCommon (2.11.1):
    - KakaoSDKCommon/Common (= 2.11.1)
    - KakaoSDKCommon/Network (= 2.11.1)
  - KakaoSDKCommon/Common (2.11.1)
  - KakaoSDKCommon/Network (2.11.1):
    - Alamofire (~> 5.1)
    - KakaoSDKCommon/Common (= 2.11.1)
  - KakaoSDKUser (2.11.1):
    - KakaoSDKAuth (= 2.11.1)
  - RxCocoa (6.5.0):
    - RxRelay (= 6.5.0)
    - RxSwift (= 6.5.0)
  - RxRelay (6.5.0):
    - RxSwift (= 6.5.0)
  - RxSwift (6.5.0)
  - SideMenu (6.5.0)
  - SnapKit (5.6.0)
  - Then (3.0.0)

DEPENDENCIES:
  - KakaoSDKAuth
  - KakaoSDKCommon
  - KakaoSDKUser
  - RxCocoa
  - RxSwift
  - SideMenu (~> 6.0)
  - SnapKit (~> 5.6.0)
  - Then

SPEC REPOS:
  trunk:
    - Alamofire
    - KakaoSDKAuth
    - KakaoSDKCommon
    - KakaoSDKUser
    - RxCocoa
    - RxRelay
    - RxSwift
    - SideMenu
    - SnapKit
    - Then

SPEC CHECKSUMS:
  Alamofire: 87bd8c952f9a4454320fce00d9cc3de57bcadaf5
  KakaoSDKAuth: bb2dfa7be30daa8403c9cfc8001aa6fde7a5b779
  KakaoSDKCommon: 555e1bb46595b842ded01cf7888cc17bbae4e113
  KakaoSDKUser: 08c0a4f40bebdebdf948a9e3d0e44ed5c2754f99
  RxCocoa: 94f817b71c07517321eb4f9ad299112ca8af743b
  RxRelay: 1de1523e604c72b6c68feadedd1af3b1b4d0ecbd
  RxSwift: 5710a9e6b17f3c3d6e40d6e559b9fa1e813b2ef8
  SideMenu: f583187d21c5b1dd04c72002be544b555a2627a2
  SnapKit: e01d52ebb8ddbc333eefe2132acf85c8227d9c25
  Then: 844265ae87834bbe1147d91d5d41a404da2ec27d

PODFILE CHECKSUM: 41b6c50967ff5fab92e078af00af07338036f8a3

COCOAPODS: 1.11.3
