// !$*UTF8*$!
{
	archiveVersion = 1;
	classes = {
	};
	objectVersion = 51;
	objects = {

/* Begin PBXBuildFile section */
		3FB8761C6CBF83F152E5CA8B /* Pods_Zatch_ZatchUITests.framework in Frameworks */ = {isa = PBXBuildFile; fileRef = 9A618A1CC97F19CCF971A7A9 /* Pods_Zatch_ZatchUITests.framework */; };
		4DECCA739452166E9700E7DF /* Pods_Zatch.framework in Frameworks */ = {isa = PBXBuildFile; fileRef = 46AB3557798038E512E204D3 /* Pods_Zatch.framework */; };
		5706785F281C0C4900F48342 /* MainGatchTableViewCell.xib in Resources */ = {isa = PBXBuildFile; fileRef = 5706785E281C0C4900F48342 /* MainGatchTableViewCell.xib */; };
		57067861281C0C7900F48342 /* MainGatchCollectionViewCell.xib in Resources */ = {isa = PBXBuildFile; fileRef = 57067860281C0C7900F48342 /* MainGatchCollectionViewCell.xib */; };
		57067864281C143A00F48342 /* UIColor.swift in Sources */ = {isa = PBXBuildFile; fileRef = 57067863281C143A00F48342 /* UIColor.swift */; };
		57067866281C167100F48342 /* UIFont.swift in Sources */ = {isa = PBXBuildFile; fileRef = 57067865281C167100F48342 /* UIFont.swift */; };
		5706786B281C220B00F48342 /* MainGatchTableViewCell.swift in Sources */ = {isa = PBXBuildFile; fileRef = 5706786A281C220B00F48342 /* MainGatchTableViewCell.swift */; };
		5706786D281C281700F48342 /* MainGatchCollectionViewCell.swift in Sources */ = {isa = PBXBuildFile; fileRef = 5706786C281C281700F48342 /* MainGatchCollectionViewCell.swift */; };
		57067877281C2F4700F48342 /* pretendard_bold.ttf in Resources */ = {isa = PBXBuildFile; fileRef = 57067875281C2F3900F48342 /* pretendard_bold.ttf */; };
		57067878281C2F4A00F48342 /* pretendard_medium.ttf in Resources */ = {isa = PBXBuildFile; fileRef = 57067873281C2F3900F48342 /* pretendard_medium.ttf */; };
		57067879281C2F4D00F48342 /* pretendard_regular.ttf in Resources */ = {isa = PBXBuildFile; fileRef = 57067876281C2F3900F48342 /* pretendard_regular.ttf */; };
		5706787A281C2F5000F48342 /* rixyeoljeongdo_pro_regular.otf in Resources */ = {isa = PBXBuildFile; fileRef = 57067874281C2F3900F48342 /* rixyeoljeongdo_pro_regular.otf */; };
		571AD7132828D9EB00390AAD /* CategoryButtonView.swift in Sources */ = {isa = PBXBuildFile; fileRef = 571AD7122828D9EB00390AAD /* CategoryButtonView.swift */; };
		57468A6E289CFFB700056691 /* CategoryBottomSheet.swift in Sources */ = {isa = PBXBuildFile; fileRef = 57468A6D289CFFB700056691 /* CategoryBottomSheet.swift */; };
		57468A71289D044700056691 /* MySearchViewController+Layout.swift in Sources */ = {isa = PBXBuildFile; fileRef = 57468A70289D044700056691 /* MySearchViewController+Layout.swift */; };
		57468A74289D071100056691 /* UIButton.swift in Sources */ = {isa = PBXBuildFile; fileRef = 57468A73289D071100056691 /* UIButton.swift */; };
		57468A76289D077200056691 /* PurpleButton.swift in Sources */ = {isa = PBXBuildFile; fileRef = 57468A75289D077200056691 /* PurpleButton.swift */; };
		57468A78289D2CD800056691 /* SearchTagCollectionViewCell.swift in Sources */ = {isa = PBXBuildFile; fileRef = 57468A77289D2CD800056691 /* SearchTagCollectionViewCell.swift */; };
		57468A7B289D3C2300056691 /* CellCalledViewController.swift in Sources */ = {isa = PBXBuildFile; fileRef = 57468A7A289D3C2300056691 /* CellCalledViewController.swift */; };
		57468A7D289DF60000056691 /* LeftAlignCollectionViewFlowLayout.swift in Sources */ = {isa = PBXBuildFile; fileRef = 57468A7C289DF60000056691 /* LeftAlignCollectionViewFlowLayout.swift */; };
		57468A7F289E3F1D00056691 /* FindSearchViewController+Layout.swift in Sources */ = {isa = PBXBuildFile; fileRef = 57468A7E289E3F1D00056691 /* FindSearchViewController+Layout.swift */; };
		57468A81289E3FB600056691 /* BaseViewController.swift in Sources */ = {isa = PBXBuildFile; fileRef = 57468A80289E3FB600056691 /* BaseViewController.swift */; };
		57468A83289EB31200056691 /* MySearchTagCollectionViewCell.swift in Sources */ = {isa = PBXBuildFile; fileRef = 57468A82289EB31200056691 /* MySearchTagCollectionViewCell.swift */; };
		57468A85289EB32000056691 /* FindSearchTagCollectionViewCell.swift in Sources */ = {isa = PBXBuildFile; fileRef = 57468A84289EB32000056691 /* FindSearchTagCollectionViewCell.swift */; };
		57468A87289F575000056691 /* ResultSearchViewController+Layout.swift in Sources */ = {isa = PBXBuildFile; fileRef = 57468A86289F575000056691 /* ResultSearchViewController+Layout.swift */; };
		574EC1ED282E62A000E3CE4B /* CategoryUIView.swift in Sources */ = {isa = PBXBuildFile; fileRef = 574EC1EC282E62A000E3CE4B /* CategoryUIView.swift */; };
		5752F1FA28200B8C004CA4A5 /* ResultTableViewCell.swift in Sources */ = {isa = PBXBuildFile; fileRef = 5752F1F928200B8C004CA4A5 /* ResultTableViewCell.swift */; };
		575BF6FD27E0CBC6008D5B3C /* AppDelegate.swift in Sources */ = {isa = PBXBuildFile; fileRef = 575BF6FC27E0CBC6008D5B3C /* AppDelegate.swift */; };
		575BF6FF27E0CBC6008D5B3C /* SceneDelegate.swift in Sources */ = {isa = PBXBuildFile; fileRef = 575BF6FE27E0CBC6008D5B3C /* SceneDelegate.swift */; };
		575BF70427E0CBC6008D5B3C /* Main.storyboard in Resources */ = {isa = PBXBuildFile; fileRef = 575BF70227E0CBC6008D5B3C /* Main.storyboard */; };
		575BF70627E0CBC8008D5B3C /* Assets.xcassets in Resources */ = {isa = PBXBuildFile; fileRef = 575BF70527E0CBC8008D5B3C /* Assets.xcassets */; };
		575BF70927E0CBC8008D5B3C /* LaunchScreen.storyboard in Resources */ = {isa = PBXBuildFile; fileRef = 575BF70727E0CBC8008D5B3C /* LaunchScreen.storyboard */; };
		575BF71427E0CBC8008D5B3C /* ZatchTests.swift in Sources */ = {isa = PBXBuildFile; fileRef = 575BF71327E0CBC8008D5B3C /* ZatchTests.swift */; };
		575BF71F27E0CBC8008D5B3C /* ZatchUITests.swift in Sources */ = {isa = PBXBuildFile; fileRef = 575BF71E27E0CBC8008D5B3C /* ZatchUITests.swift */; };
		5767752A281CD130000BC7CD /* ViewController.swift in Sources */ = {isa = PBXBuildFile; fileRef = 57677529281CD130000BC7CD /* ViewController.swift */; };
		5767752C281CDA4B000BC7CD /* MySearchViewController.swift in Sources */ = {isa = PBXBuildFile; fileRef = 5767752B281CDA4B000BC7CD /* MySearchViewController.swift */; };
		5767D7732868248E0075DB28 /* DetailViewController.swift in Sources */ = {isa = PBXBuildFile; fileRef = 5767D7722868248E0075DB28 /* DetailViewController.swift */; };
		5767D77528682D120075DB28 /* ImageTableViewCell.swift in Sources */ = {isa = PBXBuildFile; fileRef = 5767D77428682D120075DB28 /* ImageTableViewCell.swift */; };
		5767D777286832420075DB28 /* FirstWantTableViewCell.swift in Sources */ = {isa = PBXBuildFile; fileRef = 5767D776286832420075DB28 /* FirstWantTableViewCell.swift */; };
		5767D779286882B80075DB28 /* WantElseTableViewCell.swift in Sources */ = {isa = PBXBuildFile; fileRef = 5767D778286882B80075DB28 /* WantElseTableViewCell.swift */; };
		5767D77B286883020075DB28 /* ProductInfoTableViewCell.swift in Sources */ = {isa = PBXBuildFile; fileRef = 5767D77A286883020075DB28 /* ProductInfoTableViewCell.swift */; };
		5767D77D286944FB0075DB28 /* BottomFixView.swift in Sources */ = {isa = PBXBuildFile; fileRef = 5767D77C286944FB0075DB28 /* BottomFixView.swift */; };
		5767D77F28695BD60075DB28 /* MoreTextTableViewCell.swift in Sources */ = {isa = PBXBuildFile; fileRef = 5767D77E28695BD60075DB28 /* MoreTextTableViewCell.swift */; };
		5767D781286962A20075DB28 /* SimilarZatchTableViewCell.swift in Sources */ = {isa = PBXBuildFile; fileRef = 5767D780286962A20075DB28 /* SimilarZatchTableViewCell.swift */; };
		5767D783286962BC0075DB28 /* SimilarZatchCollectionViewCell.swift in Sources */ = {isa = PBXBuildFile; fileRef = 5767D782286962BC0075DB28 /* SimilarZatchCollectionViewCell.swift */; };
		5767D787286ADA4D0075DB28 /* FirstProductInfoTableViewCell.swift in Sources */ = {isa = PBXBuildFile; fileRef = 5767D786286ADA4D0075DB28 /* FirstProductInfoTableViewCell.swift */; };
		5767D78A286C0AF70075DB28 /* ZatchRoundCheck.swift in Sources */ = {isa = PBXBuildFile; fileRef = 5767D789286C0AF70075DB28 /* ZatchRoundCheck.swift */; };
		5767D78D286C4AB70075DB28 /* ZatchTextRadioButton.swift in Sources */ = {isa = PBXBuildFile; fileRef = 5767D78C286C4AB70075DB28 /* ZatchTextRadioButton.swift */; };
		576EA923282B7F840028046C /* FirstRegisterViewController.swift in Sources */ = {isa = PBXBuildFile; fileRef = 576EA922282B7F840028046C /* FirstRegisterViewController.swift */; };
		576EA925282B7FBB0028046C /* SecondRegisterViewController.swift in Sources */ = {isa = PBXBuildFile; fileRef = 576EA924282B7FBB0028046C /* SecondRegisterViewController.swift */; };
		576EA927282B7FD60028046C /* CheckRegisterViewController.swift in Sources */ = {isa = PBXBuildFile; fileRef = 576EA926282B7FD60028046C /* CheckRegisterViewController.swift */; };
		57713944281F596C0066DEEB /* TitleView.swift in Sources */ = {isa = PBXBuildFile; fileRef = 57713943281F596C0066DEEB /* TitleView.swift */; };
		5780238E281D029F0085457D /* SearchBSButton.swift in Sources */ = {isa = PBXBuildFile; fileRef = 5780238D281D029F0085457D /* SearchBSButton.swift */; };
		57802396281D25A70085457D /* UICheckBox.swift in Sources */ = {isa = PBXBuildFile; fileRef = 57802395281D25A70085457D /* UICheckBox.swift */; };
		579F5E58281E574200D3F0D5 /* FindSearchViewController.swift in Sources */ = {isa = PBXBuildFile; fileRef = 579F5E57281E574200D3F0D5 /* FindSearchViewController.swift */; };
		579F5E5A281E7F2800D3F0D5 /* ResultSearchViewController.swift in Sources */ = {isa = PBXBuildFile; fileRef = 579F5E59281E7F2800D3F0D5 /* ResultSearchViewController.swift */; };
		57B5D6D328346AB100EA1439 /* ProductInputUIView.swift in Sources */ = {isa = PBXBuildFile; fileRef = 57B5D6D228346AB100EA1439 /* ProductInputUIView.swift */; };
		57B5D6D6283475EA00EA1439 /* ImageAddTableViewCell.swift in Sources */ = {isa = PBXBuildFile; fileRef = 57B5D6D5283475EA00EA1439 /* ImageAddTableViewCell.swift */; };
		57B5D6D8283488B200EA1439 /* ImageAddCollectionViewCell.swift in Sources */ = {isa = PBXBuildFile; fileRef = 57B5D6D7283488B200EA1439 /* ImageAddCollectionViewCell.swift */; };
		57C585022821F0A10078FAFF /* MyZatchBottomSheet.swift in Sources */ = {isa = PBXBuildFile; fileRef = 57C585012821F0A10078FAFF /* MyZatchBottomSheet.swift */; };
		57C585042821F2A70078FAFF /* ServiceType.swift in Sources */ = {isa = PBXBuildFile; fileRef = 57C585032821F2A70078FAFF /* ServiceType.swift */; };
		57DFC63B283636A7003AEB39 /* FirstRegisterTableViewCell.swift in Sources */ = {isa = PBXBuildFile; fileRef = 57DFC63A283636A7003AEB39 /* FirstRegisterTableViewCell.swift */; };
		57E31E9527E15BA3002DE500 /* MainViewController.swift in Sources */ = {isa = PBXBuildFile; fileRef = 57E31E9327E15BA3002DE500 /* MainViewController.swift */; };
		57E31EB127E16A2A002DE500 /* MainZatchTableViewCell.swift in Sources */ = {isa = PBXBuildFile; fileRef = 57E31EAF27E16A2A002DE500 /* MainZatchTableViewCell.swift */; };
		57E31EB227E16A2B002DE500 /* MainZatchTableViewCell.xib in Resources */ = {isa = PBXBuildFile; fileRef = 57E31EB027E16A2A002DE500 /* MainZatchTableViewCell.xib */; };
		57E31EC027E16BC0002DE500 /* MainZatchCollectionViewCell.swift in Sources */ = {isa = PBXBuildFile; fileRef = 57E31EBE27E16BC0002DE500 /* MainZatchCollectionViewCell.swift */; };
		57E31EC127E16BC0002DE500 /* MainZatchCollectionViewCell.xib in Resources */ = {isa = PBXBuildFile; fileRef = 57E31EBF27E16BC0002DE500 /* MainZatchCollectionViewCell.xib */; };
		57ED69C0282A4D8000ACA67D /* CustomTapGesture.swift in Sources */ = {isa = PBXBuildFile; fileRef = 57ED69BF282A4D8000ACA67D /* CustomTapGesture.swift */; };
		57EF61B1287D5C000035A2E6 /* NavigationView.swift in Sources */ = {isa = PBXBuildFile; fileRef = 57EF61B0287D5C000035A2E6 /* NavigationView.swift */; };
		57F215D6281E1A2F00DD9828 /* SearchCheckBoxView.xib in Resources */ = {isa = PBXBuildFile; fileRef = 57F215D5281E1A2F00DD9828 /* SearchCheckBoxView.xib */; };
		93D9EB8C114A5A52688F9B18 /* Pods_ZatchTests.framework in Frameworks */ = {isa = PBXBuildFile; fileRef = BD3EFAC7D96376BAC0314ADC /* Pods_ZatchTests.framework */; };
/* End PBXBuildFile section */

/* Begin PBXContainerItemProxy section */
		575BF71027E0CBC8008D5B3C /* PBXContainerItemProxy */ = {
			isa = PBXContainerItemProxy;
			containerPortal = 575BF6F127E0CBC6008D5B3C /* Project object */;
			proxyType = 1;
			remoteGlobalIDString = 575BF6F827E0CBC6008D5B3C;
			remoteInfo = Zatch;
		};
		575BF71B27E0CBC8008D5B3C /* PBXContainerItemProxy */ = {
			isa = PBXContainerItemProxy;
			containerPortal = 575BF6F127E0CBC6008D5B3C /* Project object */;
			proxyType = 1;
			remoteGlobalIDString = 575BF6F827E0CBC6008D5B3C;
			remoteInfo = Zatch;
		};
/* End PBXContainerItemProxy section */

/* Begin PBXFileReference section */
		46AB3557798038E512E204D3 /* Pods_Zatch.framework */ = {isa = PBXFileReference; explicitFileType = wrapper.framework; includeInIndex = 0; path = Pods_Zatch.framework; sourceTree = BUILT_PRODUCTS_DIR; };
		5706785E281C0C4900F48342 /* MainGatchTableViewCell.xib */ = {isa = PBXFileReference; lastKnownFileType = file.xib; path = MainGatchTableViewCell.xib; sourceTree = "<group>"; };
		57067860281C0C7900F48342 /* MainGatchCollectionViewCell.xib */ = {isa = PBXFileReference; lastKnownFileType = file.xib; path = MainGatchCollectionViewCell.xib; sourceTree = "<group>"; };
		57067863281C143A00F48342 /* UIColor.swift */ = {isa = PBXFileReference; lastKnownFileType = sourcecode.swift; path = UIColor.swift; sourceTree = "<group>"; };
		57067865281C167100F48342 /* UIFont.swift */ = {isa = PBXFileReference; lastKnownFileType = sourcecode.swift; path = UIFont.swift; sourceTree = "<group>"; };
		5706786A281C220B00F48342 /* MainGatchTableViewCell.swift */ = {isa = PBXFileReference; lastKnownFileType = sourcecode.swift; path = MainGatchTableViewCell.swift; sourceTree = "<group>"; };
		5706786C281C281700F48342 /* MainGatchCollectionViewCell.swift */ = {isa = PBXFileReference; lastKnownFileType = sourcecode.swift; path = MainGatchCollectionViewCell.swift; sourceTree = "<group>"; };
		57067873281C2F3900F48342 /* pretendard_medium.ttf */ = {isa = PBXFileReference; lastKnownFileType = file; path = pretendard_medium.ttf; sourceTree = "<group>"; };
		57067874281C2F3900F48342 /* rixyeoljeongdo_pro_regular.otf */ = {isa = PBXFileReference; lastKnownFileType = file; path = rixyeoljeongdo_pro_regular.otf; sourceTree = "<group>"; };
		57067875281C2F3900F48342 /* pretendard_bold.ttf */ = {isa = PBXFileReference; lastKnownFileType = file; path = pretendard_bold.ttf; sourceTree = "<group>"; };
		57067876281C2F3900F48342 /* pretendard_regular.ttf */ = {isa = PBXFileReference; lastKnownFileType = file; path = pretendard_regular.ttf; sourceTree = "<group>"; };
		571AD7122828D9EB00390AAD /* CategoryButtonView.swift */ = {isa = PBXFileReference; lastKnownFileType = sourcecode.swift; path = CategoryButtonView.swift; sourceTree = "<group>"; };
		57468A6D289CFFB700056691 /* CategoryBottomSheet.swift */ = {isa = PBXFileReference; lastKnownFileType = sourcecode.swift; path = CategoryBottomSheet.swift; sourceTree = "<group>"; };
		57468A70289D044700056691 /* MySearchViewController+Layout.swift */ = {isa = PBXFileReference; lastKnownFileType = sourcecode.swift; path = "MySearchViewController+Layout.swift"; sourceTree = "<group>"; };
		57468A73289D071100056691 /* UIButton.swift */ = {isa = PBXFileReference; lastKnownFileType = sourcecode.swift; path = UIButton.swift; sourceTree = "<group>"; };
		57468A75289D077200056691 /* PurpleButton.swift */ = {isa = PBXFileReference; lastKnownFileType = sourcecode.swift; path = PurpleButton.swift; sourceTree = "<group>"; };
		57468A77289D2CD800056691 /* SearchTagCollectionViewCell.swift */ = {isa = PBXFileReference; lastKnownFileType = sourcecode.swift; path = SearchTagCollectionViewCell.swift; sourceTree = "<group>"; };
		57468A7A289D3C2300056691 /* CellCalledViewController.swift */ = {isa = PBXFileReference; lastKnownFileType = sourcecode.swift; path = CellCalledViewController.swift; sourceTree = "<group>"; };
		57468A7C289DF60000056691 /* LeftAlignCollectionViewFlowLayout.swift */ = {isa = PBXFileReference; lastKnownFileType = sourcecode.swift; path = LeftAlignCollectionViewFlowLayout.swift; sourceTree = "<group>"; };
		57468A7E289E3F1D00056691 /* FindSearchViewController+Layout.swift */ = {isa = PBXFileReference; lastKnownFileType = sourcecode.swift; path = "FindSearchViewController+Layout.swift"; sourceTree = "<group>"; };
		57468A80289E3FB600056691 /* BaseViewController.swift */ = {isa = PBXFileReference; lastKnownFileType = sourcecode.swift; path = BaseViewController.swift; sourceTree = "<group>"; };
		57468A82289EB31200056691 /* MySearchTagCollectionViewCell.swift */ = {isa = PBXFileReference; lastKnownFileType = sourcecode.swift; path = MySearchTagCollectionViewCell.swift; sourceTree = "<group>"; };
		57468A84289EB32000056691 /* FindSearchTagCollectionViewCell.swift */ = {isa = PBXFileReference; lastKnownFileType = sourcecode.swift; path = FindSearchTagCollectionViewCell.swift; sourceTree = "<group>"; };
		57468A86289F575000056691 /* ResultSearchViewController+Layout.swift */ = {isa = PBXFileReference; lastKnownFileType = sourcecode.swift; path = "ResultSearchViewController+Layout.swift"; sourceTree = "<group>"; };
		574EC1EC282E62A000E3CE4B /* CategoryUIView.swift */ = {isa = PBXFileReference; lastKnownFileType = sourcecode.swift; path = CategoryUIView.swift; sourceTree = "<group>"; };
		5752F1F928200B8C004CA4A5 /* ResultTableViewCell.swift */ = {isa = PBXFileReference; lastKnownFileType = sourcecode.swift; path = ResultTableViewCell.swift; sourceTree = "<group>"; };
		575BF6F927E0CBC6008D5B3C /* Zatch.app */ = {isa = PBXFileReference; explicitFileType = wrapper.application; includeInIndex = 0; path = Zatch.app; sourceTree = BUILT_PRODUCTS_DIR; };
		575BF6FC27E0CBC6008D5B3C /* AppDelegate.swift */ = {isa = PBXFileReference; lastKnownFileType = sourcecode.swift; path = AppDelegate.swift; sourceTree = "<group>"; };
		575BF6FE27E0CBC6008D5B3C /* SceneDelegate.swift */ = {isa = PBXFileReference; lastKnownFileType = sourcecode.swift; path = SceneDelegate.swift; sourceTree = "<group>"; };
		575BF70327E0CBC6008D5B3C /* Base */ = {isa = PBXFileReference; lastKnownFileType = file.storyboard; name = Base; path = Base.lproj/Main.storyboard; sourceTree = "<group>"; };
		575BF70527E0CBC8008D5B3C /* Assets.xcassets */ = {isa = PBXFileReference; lastKnownFileType = folder.assetcatalog; path = Assets.xcassets; sourceTree = "<group>"; };
		575BF70827E0CBC8008D5B3C /* Base */ = {isa = PBXFileReference; lastKnownFileType = file.storyboard; name = Base; path = Base.lproj/LaunchScreen.storyboard; sourceTree = "<group>"; };
		575BF70A27E0CBC8008D5B3C /* Info.plist */ = {isa = PBXFileReference; lastKnownFileType = text.plist.xml; path = Info.plist; sourceTree = "<group>"; };
		575BF70F27E0CBC8008D5B3C /* ZatchTests.xctest */ = {isa = PBXFileReference; explicitFileType = wrapper.cfbundle; includeInIndex = 0; path = ZatchTests.xctest; sourceTree = BUILT_PRODUCTS_DIR; };
		575BF71327E0CBC8008D5B3C /* ZatchTests.swift */ = {isa = PBXFileReference; lastKnownFileType = sourcecode.swift; path = ZatchTests.swift; sourceTree = "<group>"; };
		575BF71527E0CBC8008D5B3C /* Info.plist */ = {isa = PBXFileReference; lastKnownFileType = text.plist.xml; path = Info.plist; sourceTree = "<group>"; };
		575BF71A27E0CBC8008D5B3C /* ZatchUITests.xctest */ = {isa = PBXFileReference; explicitFileType = wrapper.cfbundle; includeInIndex = 0; path = ZatchUITests.xctest; sourceTree = BUILT_PRODUCTS_DIR; };
		575BF71E27E0CBC8008D5B3C /* ZatchUITests.swift */ = {isa = PBXFileReference; lastKnownFileType = sourcecode.swift; path = ZatchUITests.swift; sourceTree = "<group>"; };
		575BF72027E0CBC8008D5B3C /* Info.plist */ = {isa = PBXFileReference; lastKnownFileType = text.plist.xml; path = Info.plist; sourceTree = "<group>"; };
		57677529281CD130000BC7CD /* ViewController.swift */ = {isa = PBXFileReference; lastKnownFileType = sourcecode.swift; path = ViewController.swift; sourceTree = "<group>"; };
		5767752B281CDA4B000BC7CD /* MySearchViewController.swift */ = {isa = PBXFileReference; lastKnownFileType = sourcecode.swift; path = MySearchViewController.swift; sourceTree = "<group>"; };
		5767D7722868248E0075DB28 /* DetailViewController.swift */ = {isa = PBXFileReference; lastKnownFileType = sourcecode.swift; path = DetailViewController.swift; sourceTree = "<group>"; };
		5767D77428682D120075DB28 /* ImageTableViewCell.swift */ = {isa = PBXFileReference; lastKnownFileType = sourcecode.swift; path = ImageTableViewCell.swift; sourceTree = "<group>"; };
		5767D776286832420075DB28 /* FirstWantTableViewCell.swift */ = {isa = PBXFileReference; lastKnownFileType = sourcecode.swift; path = FirstWantTableViewCell.swift; sourceTree = "<group>"; };
		5767D778286882B80075DB28 /* WantElseTableViewCell.swift */ = {isa = PBXFileReference; lastKnownFileType = sourcecode.swift; path = WantElseTableViewCell.swift; sourceTree = "<group>"; };
		5767D77A286883020075DB28 /* ProductInfoTableViewCell.swift */ = {isa = PBXFileReference; lastKnownFileType = sourcecode.swift; path = ProductInfoTableViewCell.swift; sourceTree = "<group>"; };
		5767D77C286944FB0075DB28 /* BottomFixView.swift */ = {isa = PBXFileReference; lastKnownFileType = sourcecode.swift; path = BottomFixView.swift; sourceTree = "<group>"; };
		5767D77E28695BD60075DB28 /* MoreTextTableViewCell.swift */ = {isa = PBXFileReference; lastKnownFileType = sourcecode.swift; path = MoreTextTableViewCell.swift; sourceTree = "<group>"; };
		5767D780286962A20075DB28 /* SimilarZatchTableViewCell.swift */ = {isa = PBXFileReference; lastKnownFileType = sourcecode.swift; path = SimilarZatchTableViewCell.swift; sourceTree = "<group>"; };
		5767D782286962BC0075DB28 /* SimilarZatchCollectionViewCell.swift */ = {isa = PBXFileReference; lastKnownFileType = sourcecode.swift; path = SimilarZatchCollectionViewCell.swift; sourceTree = "<group>"; };
		5767D786286ADA4D0075DB28 /* FirstProductInfoTableViewCell.swift */ = {isa = PBXFileReference; lastKnownFileType = sourcecode.swift; path = FirstProductInfoTableViewCell.swift; sourceTree = "<group>"; };
		5767D789286C0AF70075DB28 /* ZatchRoundCheck.swift */ = {isa = PBXFileReference; lastKnownFileType = sourcecode.swift; path = ZatchRoundCheck.swift; sourceTree = "<group>"; };
		5767D78C286C4AB70075DB28 /* ZatchTextRadioButton.swift */ = {isa = PBXFileReference; lastKnownFileType = sourcecode.swift; path = ZatchTextRadioButton.swift; sourceTree = "<group>"; };
		576EA922282B7F840028046C /* FirstRegisterViewController.swift */ = {isa = PBXFileReference; lastKnownFileType = sourcecode.swift; path = FirstRegisterViewController.swift; sourceTree = "<group>"; };
		576EA924282B7FBB0028046C /* SecondRegisterViewController.swift */ = {isa = PBXFileReference; lastKnownFileType = sourcecode.swift; path = SecondRegisterViewController.swift; sourceTree = "<group>"; };
		576EA926282B7FD60028046C /* CheckRegisterViewController.swift */ = {isa = PBXFileReference; lastKnownFileType = sourcecode.swift; path = CheckRegisterViewController.swift; sourceTree = "<group>"; };
		57713943281F596C0066DEEB /* TitleView.swift */ = {isa = PBXFileReference; lastKnownFileType = sourcecode.swift; path = TitleView.swift; sourceTree = "<group>"; };
		5780238D281D029F0085457D /* SearchBSButton.swift */ = {isa = PBXFileReference; lastKnownFileType = sourcecode.swift; path = SearchBSButton.swift; sourceTree = "<group>"; };
		57802395281D25A70085457D /* UICheckBox.swift */ = {isa = PBXFileReference; lastKnownFileType = sourcecode.swift; path = UICheckBox.swift; sourceTree = "<group>"; };
		579F5E57281E574200D3F0D5 /* FindSearchViewController.swift */ = {isa = PBXFileReference; lastKnownFileType = sourcecode.swift; path = FindSearchViewController.swift; sourceTree = "<group>"; };
		579F5E59281E7F2800D3F0D5 /* ResultSearchViewController.swift */ = {isa = PBXFileReference; lastKnownFileType = sourcecode.swift; path = ResultSearchViewController.swift; sourceTree = "<group>"; };
		57B5D6D228346AB100EA1439 /* ProductInputUIView.swift */ = {isa = PBXFileReference; lastKnownFileType = sourcecode.swift; path = ProductInputUIView.swift; sourceTree = "<group>"; };
		57B5D6D5283475EA00EA1439 /* ImageAddTableViewCell.swift */ = {isa = PBXFileReference; lastKnownFileType = sourcecode.swift; path = ImageAddTableViewCell.swift; sourceTree = "<group>"; };
		57B5D6D7283488B200EA1439 /* ImageAddCollectionViewCell.swift */ = {isa = PBXFileReference; lastKnownFileType = sourcecode.swift; path = ImageAddCollectionViewCell.swift; sourceTree = "<group>"; };
		57C585012821F0A10078FAFF /* MyZatchBottomSheet.swift */ = {isa = PBXFileReference; lastKnownFileType = sourcecode.swift; path = MyZatchBottomSheet.swift; sourceTree = "<group>"; };
		57C585032821F2A70078FAFF /* ServiceType.swift */ = {isa = PBXFileReference; lastKnownFileType = sourcecode.swift; path = ServiceType.swift; sourceTree = "<group>"; };
		57DFC63A283636A7003AEB39 /* FirstRegisterTableViewCell.swift */ = {isa = PBXFileReference; lastKnownFileType = sourcecode.swift; path = FirstRegisterTableViewCell.swift; sourceTree = "<group>"; };
		57E31E9327E15BA3002DE500 /* MainViewController.swift */ = {isa = PBXFileReference; lastKnownFileType = sourcecode.swift; path = MainViewController.swift; sourceTree = "<group>"; };
		57E31EAF27E16A2A002DE500 /* MainZatchTableViewCell.swift */ = {isa = PBXFileReference; lastKnownFileType = sourcecode.swift; path = MainZatchTableViewCell.swift; sourceTree = "<group>"; };
		57E31EB027E16A2A002DE500 /* MainZatchTableViewCell.xib */ = {isa = PBXFileReference; lastKnownFileType = file.xib; path = MainZatchTableViewCell.xib; sourceTree = "<group>"; };
		57E31EBE27E16BC0002DE500 /* MainZatchCollectionViewCell.swift */ = {isa = PBXFileReference; lastKnownFileType = sourcecode.swift; path = MainZatchCollectionViewCell.swift; sourceTree = "<group>"; };
		57E31EBF27E16BC0002DE500 /* MainZatchCollectionViewCell.xib */ = {isa = PBXFileReference; lastKnownFileType = file.xib; path = MainZatchCollectionViewCell.xib; sourceTree = "<group>"; };
		57ED69BF282A4D8000ACA67D /* CustomTapGesture.swift */ = {isa = PBXFileReference; lastKnownFileType = sourcecode.swift; path = CustomTapGesture.swift; sourceTree = "<group>"; };
		57EF61B0287D5C000035A2E6 /* NavigationView.swift */ = {isa = PBXFileReference; lastKnownFileType = sourcecode.swift; path = NavigationView.swift; sourceTree = "<group>"; };
		57F215D5281E1A2F00DD9828 /* SearchCheckBoxView.xib */ = {isa = PBXFileReference; lastKnownFileType = file.xib; path = SearchCheckBoxView.xib; sourceTree = "<group>"; };
		629573387A4542584E8E9DBB /* Pods-Zatch-ZatchUITests.release.xcconfig */ = {isa = PBXFileReference; includeInIndex = 1; lastKnownFileType = text.xcconfig; name = "Pods-Zatch-ZatchUITests.release.xcconfig"; path = "Target Support Files/Pods-Zatch-ZatchUITests/Pods-Zatch-ZatchUITests.release.xcconfig"; sourceTree = "<group>"; };
		6BFC1216960D9D4323F7BC5B /* Pods-Zatch.release.xcconfig */ = {isa = PBXFileReference; includeInIndex = 1; lastKnownFileType = text.xcconfig; name = "Pods-Zatch.release.xcconfig"; path = "Target Support Files/Pods-Zatch/Pods-Zatch.release.xcconfig"; sourceTree = "<group>"; };
		9A618A1CC97F19CCF971A7A9 /* Pods_Zatch_ZatchUITests.framework */ = {isa = PBXFileReference; explicitFileType = wrapper.framework; includeInIndex = 0; path = Pods_Zatch_ZatchUITests.framework; sourceTree = BUILT_PRODUCTS_DIR; };
		A12BFFF99102B09A432C319C /* Pods-Zatch-ZatchUITests.debug.xcconfig */ = {isa = PBXFileReference; includeInIndex = 1; lastKnownFileType = text.xcconfig; name = "Pods-Zatch-ZatchUITests.debug.xcconfig"; path = "Target Support Files/Pods-Zatch-ZatchUITests/Pods-Zatch-ZatchUITests.debug.xcconfig"; sourceTree = "<group>"; };
		BD3EFAC7D96376BAC0314ADC /* Pods_ZatchTests.framework */ = {isa = PBXFileReference; explicitFileType = wrapper.framework; includeInIndex = 0; path = Pods_ZatchTests.framework; sourceTree = BUILT_PRODUCTS_DIR; };
		D5D5204E418FF36093189736 /* Pods-ZatchTests.debug.xcconfig */ = {isa = PBXFileReference; includeInIndex = 1; lastKnownFileType = text.xcconfig; name = "Pods-ZatchTests.debug.xcconfig"; path = "Target Support Files/Pods-ZatchTests/Pods-ZatchTests.debug.xcconfig"; sourceTree = "<group>"; };
		E1ECF3FCD93713F954667AE0 /* Pods-Zatch.debug.xcconfig */ = {isa = PBXFileReference; includeInIndex = 1; lastKnownFileType = text.xcconfig; name = "Pods-Zatch.debug.xcconfig"; path = "Target Support Files/Pods-Zatch/Pods-Zatch.debug.xcconfig"; sourceTree = "<group>"; };
		E705AC3AD84492ACE0D42AB4 /* Pods-ZatchTests.release.xcconfig */ = {isa = PBXFileReference; includeInIndex = 1; lastKnownFileType = text.xcconfig; name = "Pods-ZatchTests.release.xcconfig"; path = "Target Support Files/Pods-ZatchTests/Pods-ZatchTests.release.xcconfig"; sourceTree = "<group>"; };
/* End PBXFileReference section */

/* Begin PBXFrameworksBuildPhase section */
		575BF6F627E0CBC6008D5B3C /* Frameworks */ = {
			isa = PBXFrameworksBuildPhase;
			buildActionMask = 2147483647;
			files = (
				4DECCA739452166E9700E7DF /* Pods_Zatch.framework in Frameworks */,
			);
			runOnlyForDeploymentPostprocessing = 0;
		};
		575BF70C27E0CBC8008D5B3C /* Frameworks */ = {
			isa = PBXFrameworksBuildPhase;
			buildActionMask = 2147483647;
			files = (
				93D9EB8C114A5A52688F9B18 /* Pods_ZatchTests.framework in Frameworks */,
			);
			runOnlyForDeploymentPostprocessing = 0;
		};
		575BF71727E0CBC8008D5B3C /* Frameworks */ = {
			isa = PBXFrameworksBuildPhase;
			buildActionMask = 2147483647;
			files = (
				3FB8761C6CBF83F152E5CA8B /* Pods_Zatch_ZatchUITests.framework in Frameworks */,
			);
			runOnlyForDeploymentPostprocessing = 0;
		};
/* End PBXFrameworksBuildPhase section */

/* Begin PBXGroup section */
		23CFCBC801D90B1A2F9BB36B /* Pods */ = {
			isa = PBXGroup;
			children = (
				E1ECF3FCD93713F954667AE0 /* Pods-Zatch.debug.xcconfig */,
				6BFC1216960D9D4323F7BC5B /* Pods-Zatch.release.xcconfig */,
				A12BFFF99102B09A432C319C /* Pods-Zatch-ZatchUITests.debug.xcconfig */,
				629573387A4542584E8E9DBB /* Pods-Zatch-ZatchUITests.release.xcconfig */,
				D5D5204E418FF36093189736 /* Pods-ZatchTests.debug.xcconfig */,
				E705AC3AD84492ACE0D42AB4 /* Pods-ZatchTests.release.xcconfig */,
			);
			path = Pods;
			sourceTree = "<group>";
		};
		57067862281C13D500F48342 /* Font */ = {
			isa = PBXGroup;
			children = (
				57067875281C2F3900F48342 /* pretendard_bold.ttf */,
				57067873281C2F3900F48342 /* pretendard_medium.ttf */,
				57067876281C2F3900F48342 /* pretendard_regular.ttf */,
				57067874281C2F3900F48342 /* rixyeoljeongdo_pro_regular.otf */,
				57067865281C167100F48342 /* UIFont.swift */,
			);
			path = Font;
			sourceTree = "<group>";
		};
		571AD7112828D9C900390AAD /* Category */ = {
			isa = PBXGroup;
			children = (
				571AD7122828D9EB00390AAD /* CategoryButtonView.swift */,
				57468A6D289CFFB700056691 /* CategoryBottomSheet.swift */,
			);
			path = Category;
			sourceTree = "<group>";
		};
		57468A6B289CECE900056691 /* Cell */ = {
			isa = PBXGroup;
			children = (
				57E31EAF27E16A2A002DE500 /* MainZatchTableViewCell.swift */,
				57E31EBE27E16BC0002DE500 /* MainZatchCollectionViewCell.swift */,
				5706786C281C281700F48342 /* MainGatchCollectionViewCell.swift */,
				5706786A281C220B00F48342 /* MainGatchTableViewCell.swift */,
			);
			path = Cell;
			sourceTree = "<group>";
		};
		57468A6C289CFB3F00056691 /* Source */ = {
			isa = PBXGroup;
			children = (
				57468A80289E3FB600056691 /* BaseViewController.swift */,
				57468A79289D3C0800056691 /* Protocol */,
				5780238F281D20D60085457D /* Search */,
				57C585052821F2B30078FAFF /* Main */,
				571AD7112828D9C900390AAD /* Category */,
			);
			path = Source;
			sourceTree = "<group>";
		};
		57468A6F289D020F00056691 /* Cell */ = {
			isa = PBXGroup;
			children = (
				57468A77289D2CD800056691 /* SearchTagCollectionViewCell.swift */,
				57468A82289EB31200056691 /* MySearchTagCollectionViewCell.swift */,
				57468A84289EB32000056691 /* FindSearchTagCollectionViewCell.swift */,
				5752F1F928200B8C004CA4A5 /* ResultTableViewCell.swift */,
			);
			path = Cell;
			sourceTree = "<group>";
		};
		57468A72289D070400056691 /* UIButton */ = {
			isa = PBXGroup;
			children = (
				57468A73289D071100056691 /* UIButton.swift */,
				57468A75289D077200056691 /* PurpleButton.swift */,
				5780238D281D029F0085457D /* SearchBSButton.swift */,
			);
			path = UIButton;
			sourceTree = "<group>";
		};
		57468A79289D3C0800056691 /* Protocol */ = {
			isa = PBXGroup;
			children = (
				57468A7A289D3C2300056691 /* CellCalledViewController.swift */,
			);
			path = Protocol;
			sourceTree = "<group>";
		};
		575BF6F027E0CBC6008D5B3C = {
			isa = PBXGroup;
			children = (
				575BF6FB27E0CBC6008D5B3C /* Zatch */,
				575BF71227E0CBC8008D5B3C /* ZatchTests */,
				575BF71D27E0CBC8008D5B3C /* ZatchUITests */,
				575BF6FA27E0CBC6008D5B3C /* Products */,
				23CFCBC801D90B1A2F9BB36B /* Pods */,
				FEF7190B609B082475C22250 /* Frameworks */,
			);
			sourceTree = "<group>";
		};
		575BF6FA27E0CBC6008D5B3C /* Products */ = {
			isa = PBXGroup;
			children = (
				575BF6F927E0CBC6008D5B3C /* Zatch.app */,
				575BF70F27E0CBC8008D5B3C /* ZatchTests.xctest */,
				575BF71A27E0CBC8008D5B3C /* ZatchUITests.xctest */,
			);
			name = Products;
			sourceTree = "<group>";
		};
		575BF6FB27E0CBC6008D5B3C /* Zatch */ = {
			isa = PBXGroup;
			children = (
				575BF70227E0CBC6008D5B3C /* Main.storyboard */,
				57C585032821F2A70078FAFF /* ServiceType.swift */,
				57802394281D21710085457D /* Resource */,
				57468A6C289CFB3F00056691 /* Source */,
				575BF6FC27E0CBC6008D5B3C /* AppDelegate.swift */,
				575BF6FE27E0CBC6008D5B3C /* SceneDelegate.swift */,
				57677529281CD130000BC7CD /* ViewController.swift */,
				575BF70527E0CBC8008D5B3C /* Assets.xcassets */,
				575BF70727E0CBC8008D5B3C /* LaunchScreen.storyboard */,
				575BF70A27E0CBC8008D5B3C /* Info.plist */,
			);
			path = Zatch;
			sourceTree = "<group>";
		};
		575BF71227E0CBC8008D5B3C /* ZatchTests */ = {
			isa = PBXGroup;
			children = (
				575BF71327E0CBC8008D5B3C /* ZatchTests.swift */,
				575BF71527E0CBC8008D5B3C /* Info.plist */,
			);
			path = ZatchTests;
			sourceTree = "<group>";
		};
		575BF71D27E0CBC8008D5B3C /* ZatchUITests */ = {
			isa = PBXGroup;
			children = (
				575BF71E27E0CBC8008D5B3C /* ZatchUITests.swift */,
				575BF72027E0CBC8008D5B3C /* Info.plist */,
			);
			path = ZatchUITests;
			sourceTree = "<group>";
		};
		5767D76F286823DF0075DB28 /* Detail */ = {
			isa = PBXGroup;
			children = (
				5767D7722868248E0075DB28 /* DetailViewController.swift */,
				5767D77428682D120075DB28 /* ImageTableViewCell.swift */,
				5767D776286832420075DB28 /* FirstWantTableViewCell.swift */,
				5767D778286882B80075DB28 /* WantElseTableViewCell.swift */,
				5767D77A286883020075DB28 /* ProductInfoTableViewCell.swift */,
				5767D77C286944FB0075DB28 /* BottomFixView.swift */,
				5767D77E28695BD60075DB28 /* MoreTextTableViewCell.swift */,
				5767D780286962A20075DB28 /* SimilarZatchTableViewCell.swift */,
				5767D782286962BC0075DB28 /* SimilarZatchCollectionViewCell.swift */,
			);
			path = Detail;
			sourceTree = "<group>";
		};
		5767D784286AD9650075DB28 /* VC */ = {
			isa = PBXGroup;
			children = (
				576EA922282B7F840028046C /* FirstRegisterViewController.swift */,
				576EA924282B7FBB0028046C /* SecondRegisterViewController.swift */,
				576EA926282B7FD60028046C /* CheckRegisterViewController.swift */,
			);
			path = VC;
			sourceTree = "<group>";
		};
		5767D785286AD96D0075DB28 /* UI */ = {
			isa = PBXGroup;
			children = (
				57DFC63A283636A7003AEB39 /* FirstRegisterTableViewCell.swift */,
				5767D786286ADA4D0075DB28 /* FirstProductInfoTableViewCell.swift */,
			);
			path = UI;
			sourceTree = "<group>";
		};
		5767D788286C0ACB0075DB28 /* UICheckBox */ = {
			isa = PBXGroup;
			children = (
				5767D789286C0AF70075DB28 /* ZatchRoundCheck.swift */,
			);
			path = UICheckBox;
			sourceTree = "<group>";
		};
		5767D78B286C4A9A0075DB28 /* RadioButton */ = {
			isa = PBXGroup;
			children = (
				5767D78C286C4AB70075DB28 /* ZatchTextRadioButton.swift */,
			);
			path = RadioButton;
			sourceTree = "<group>";
		};
		576EA921282B7F2D0028046C /* Register */ = {
			isa = PBXGroup;
			children = (
				5767D785286AD96D0075DB28 /* UI */,
				5767D784286AD9650075DB28 /* VC */,
			);
			path = Register;
			sourceTree = "<group>";
		};
		576EA928282B7FDE0028046C /* Zatch */ = {
			isa = PBXGroup;
			children = (
				5767D76F286823DF0075DB28 /* Detail */,
				576EA921282B7F2D0028046C /* Register */,
				57B5D6D428346AB700EA1439 /* UI */,
			);
			path = Zatch;
			sourceTree = "<group>";
		};
		5780238F281D20D60085457D /* Search */ = {
			isa = PBXGroup;
			children = (
				57468A6F289D020F00056691 /* Cell */,
				5767752B281CDA4B000BC7CD /* MySearchViewController.swift */,
				57468A70289D044700056691 /* MySearchViewController+Layout.swift */,
				579F5E57281E574200D3F0D5 /* FindSearchViewController.swift */,
				57468A7E289E3F1D00056691 /* FindSearchViewController+Layout.swift */,
				579F5E59281E7F2800D3F0D5 /* ResultSearchViewController.swift */,
				57468A86289F575000056691 /* ResultSearchViewController+Layout.swift */,
				57C585012821F0A10078FAFF /* MyZatchBottomSheet.swift */,
			);
			path = Search;
			sourceTree = "<group>";
		};
		57802394281D21710085457D /* Resource */ = {
			isa = PBXGroup;
			children = (
				57EF61AF287D5BCE0035A2E6 /* CommonSource */,
				57067862281C13D500F48342 /* Font */,
				57067863281C143A00F48342 /* UIColor.swift */,
				57802395281D25A70085457D /* UICheckBox.swift */,
				57ED69BF282A4D8000ACA67D /* CustomTapGesture.swift */,
				57468A7C289DF60000056691 /* LeftAlignCollectionViewFlowLayout.swift */,
				57F215D5281E1A2F00DD9828 /* SearchCheckBoxView.xib */,
			);
			path = Resource;
			sourceTree = "<group>";
		};
		57B5D6D428346AB700EA1439 /* UI */ = {
			isa = PBXGroup;
			children = (
				574EC1EC282E62A000E3CE4B /* CategoryUIView.swift */,
				57B5D6D228346AB100EA1439 /* ProductInputUIView.swift */,
				57B5D6D5283475EA00EA1439 /* ImageAddTableViewCell.swift */,
				57B5D6D7283488B200EA1439 /* ImageAddCollectionViewCell.swift */,
			);
			path = UI;
			sourceTree = "<group>";
		};
		57C585052821F2B30078FAFF /* Main */ = {
			isa = PBXGroup;
			children = (
				57E31EC527E17F83002DE500 /* xib */,
				57468A6B289CECE900056691 /* Cell */,
				576EA928282B7FDE0028046C /* Zatch */,
				57E31E9327E15BA3002DE500 /* MainViewController.swift */,
			);
			path = Main;
			sourceTree = "<group>";
		};
		57E31EC527E17F83002DE500 /* xib */ = {
			isa = PBXGroup;
			children = (
				57E31EBF27E16BC0002DE500 /* MainZatchCollectionViewCell.xib */,
				57E31EB027E16A2A002DE500 /* MainZatchTableViewCell.xib */,
				5706785E281C0C4900F48342 /* MainGatchTableViewCell.xib */,
				57067860281C0C7900F48342 /* MainGatchCollectionViewCell.xib */,
			);
			path = xib;
			sourceTree = "<group>";
		};
		57EF61AF287D5BCE0035A2E6 /* CommonSource */ = {
			isa = PBXGroup;
			children = (
				57EF61B0287D5C000035A2E6 /* NavigationView.swift */,
				57713943281F596C0066DEEB /* TitleView.swift */,
				57468A72289D070400056691 /* UIButton */,
				5767D788286C0ACB0075DB28 /* UICheckBox */,
				5767D78B286C4A9A0075DB28 /* RadioButton */,
			);
			path = CommonSource;
			sourceTree = "<group>";
		};
		FEF7190B609B082475C22250 /* Frameworks */ = {
			isa = PBXGroup;
			children = (
				46AB3557798038E512E204D3 /* Pods_Zatch.framework */,
				9A618A1CC97F19CCF971A7A9 /* Pods_Zatch_ZatchUITests.framework */,
				BD3EFAC7D96376BAC0314ADC /* Pods_ZatchTests.framework */,
			);
			name = Frameworks;
			sourceTree = "<group>";
		};
/* End PBXGroup section */

/* Begin PBXNativeTarget section */
		575BF6F827E0CBC6008D5B3C /* Zatch */ = {
			isa = PBXNativeTarget;
			buildConfigurationList = 575BF72327E0CBC8008D5B3C /* Build configuration list for PBXNativeTarget "Zatch" */;
			buildPhases = (
				B2155CE5E1D4DABD971BD97E /* [CP] Check Pods Manifest.lock */,
				575BF6F527E0CBC6008D5B3C /* Sources */,
				575BF6F627E0CBC6008D5B3C /* Frameworks */,
				575BF6F727E0CBC6008D5B3C /* Resources */,
				687AD479EB57C1A10288F9EF /* [CP] Embed Pods Frameworks */,
			);
			buildRules = (
			);
			dependencies = (
			);
			name = Zatch;
			productName = Zatch;
			productReference = 575BF6F927E0CBC6008D5B3C /* Zatch.app */;
			productType = "com.apple.product-type.application";
		};
		575BF70E27E0CBC8008D5B3C /* ZatchTests */ = {
			isa = PBXNativeTarget;
			buildConfigurationList = 575BF72627E0CBC8008D5B3C /* Build configuration list for PBXNativeTarget "ZatchTests" */;
			buildPhases = (
				2C053A9D88A0449AF30A6042 /* [CP] Check Pods Manifest.lock */,
				575BF70B27E0CBC8008D5B3C /* Sources */,
				575BF70C27E0CBC8008D5B3C /* Frameworks */,
				575BF70D27E0CBC8008D5B3C /* Resources */,
			);
			buildRules = (
			);
			dependencies = (
				575BF71127E0CBC8008D5B3C /* PBXTargetDependency */,
			);
			name = ZatchTests;
			productName = ZatchTests;
			productReference = 575BF70F27E0CBC8008D5B3C /* ZatchTests.xctest */;
			productType = "com.apple.product-type.bundle.unit-test";
		};
		575BF71927E0CBC8008D5B3C /* ZatchUITests */ = {
			isa = PBXNativeTarget;
			buildConfigurationList = 575BF72927E0CBC8008D5B3C /* Build configuration list for PBXNativeTarget "ZatchUITests" */;
			buildPhases = (
				951ABCB4FA1D5FB59BF0B290 /* [CP] Check Pods Manifest.lock */,
				575BF71627E0CBC8008D5B3C /* Sources */,
				575BF71727E0CBC8008D5B3C /* Frameworks */,
				575BF71827E0CBC8008D5B3C /* Resources */,
				F0452AE72637ACF0CFA360E6 /* [CP] Embed Pods Frameworks */,
			);
			buildRules = (
			);
			dependencies = (
				575BF71C27E0CBC8008D5B3C /* PBXTargetDependency */,
			);
			name = ZatchUITests;
			productName = ZatchUITests;
			productReference = 575BF71A27E0CBC8008D5B3C /* ZatchUITests.xctest */;
			productType = "com.apple.product-type.bundle.ui-testing";
		};
/* End PBXNativeTarget section */

/* Begin PBXProject section */
		575BF6F127E0CBC6008D5B3C /* Project object */ = {
			isa = PBXProject;
			attributes = {
				LastSwiftUpdateCheck = 1230;
				LastUpgradeCheck = 1230;
				TargetAttributes = {
					575BF6F827E0CBC6008D5B3C = {
						CreatedOnToolsVersion = 12.3;
					};
					575BF70E27E0CBC8008D5B3C = {
						CreatedOnToolsVersion = 12.3;
						TestTargetID = 575BF6F827E0CBC6008D5B3C;
					};
					575BF71927E0CBC8008D5B3C = {
						CreatedOnToolsVersion = 12.3;
						TestTargetID = 575BF6F827E0CBC6008D5B3C;
					};
				};
			};
			buildConfigurationList = 575BF6F427E0CBC6008D5B3C /* Build configuration list for PBXProject "Zatch" */;
			compatibilityVersion = "Xcode 9.3";
			developmentRegion = en;
			hasScannedForEncodings = 0;
			knownRegions = (
				en,
				Base,
			);
			mainGroup = 575BF6F027E0CBC6008D5B3C;
			productRefGroup = 575BF6FA27E0CBC6008D5B3C /* Products */;
			projectDirPath = "";
			projectRoot = "";
			targets = (
				575BF6F827E0CBC6008D5B3C /* Zatch */,
				575BF70E27E0CBC8008D5B3C /* ZatchTests */,
				575BF71927E0CBC8008D5B3C /* ZatchUITests */,
			);
		};
/* End PBXProject section */

/* Begin PBXResourcesBuildPhase section */
		575BF6F727E0CBC6008D5B3C /* Resources */ = {
			isa = PBXResourcesBuildPhase;
			buildActionMask = 2147483647;
			files = (
				57067877281C2F4700F48342 /* pretendard_bold.ttf in Resources */,
				575BF70927E0CBC8008D5B3C /* LaunchScreen.storyboard in Resources */,
				57067879281C2F4D00F48342 /* pretendard_regular.ttf in Resources */,
				57067861281C0C7900F48342 /* MainGatchCollectionViewCell.xib in Resources */,
				57E31EB227E16A2B002DE500 /* MainZatchTableViewCell.xib in Resources */,
				575BF70627E0CBC8008D5B3C /* Assets.xcassets in Resources */,
				57E31EC127E16BC0002DE500 /* MainZatchCollectionViewCell.xib in Resources */,
				5706785F281C0C4900F48342 /* MainGatchTableViewCell.xib in Resources */,
				5706787A281C2F5000F48342 /* rixyeoljeongdo_pro_regular.otf in Resources */,
				57F215D6281E1A2F00DD9828 /* SearchCheckBoxView.xib in Resources */,
				57067878281C2F4A00F48342 /* pretendard_medium.ttf in Resources */,
				575BF70427E0CBC6008D5B3C /* Main.storyboard in Resources */,
			);
			runOnlyForDeploymentPostprocessing = 0;
		};
		575BF70D27E0CBC8008D5B3C /* Resources */ = {
			isa = PBXResourcesBuildPhase;
			buildActionMask = 2147483647;
			files = (
			);
			runOnlyForDeploymentPostprocessing = 0;
		};
		575BF71827E0CBC8008D5B3C /* Resources */ = {
			isa = PBXResourcesBuildPhase;
			buildActionMask = 2147483647;
			files = (
			);
			runOnlyForDeploymentPostprocessing = 0;
		};
/* End PBXResourcesBuildPhase section */

/* Begin PBXShellScriptBuildPhase section */
		2C053A9D88A0449AF30A6042 /* [CP] Check Pods Manifest.lock */ = {
			isa = PBXShellScriptBuildPhase;
			buildActionMask = 2147483647;
			files = (
			);
			inputFileListPaths = (
			);
			inputPaths = (
				"${PODS_PODFILE_DIR_PATH}/Podfile.lock",
				"${PODS_ROOT}/Manifest.lock",
			);
			name = "[CP] Check Pods Manifest.lock";
			outputFileListPaths = (
			);
			outputPaths = (
				"$(DERIVED_FILE_DIR)/Pods-ZatchTests-checkManifestLockResult.txt",
			);
			runOnlyForDeploymentPostprocessing = 0;
			shellPath = /bin/sh;
			shellScript = "diff \"${PODS_PODFILE_DIR_PATH}/Podfile.lock\" \"${PODS_ROOT}/Manifest.lock\" > /dev/null\nif [ $? != 0 ] ; then\n    # print error to STDERR\n    echo \"error: The sandbox is not in sync with the Podfile.lock. Run 'pod install' or update your CocoaPods installation.\" >&2\n    exit 1\nfi\n# This output is used by Xcode 'outputs' to avoid re-running this script phase.\necho \"SUCCESS\" > \"${SCRIPT_OUTPUT_FILE_0}\"\n";
			showEnvVarsInLog = 0;
		};
		687AD479EB57C1A10288F9EF /* [CP] Embed Pods Frameworks */ = {
			isa = PBXShellScriptBuildPhase;
			buildActionMask = 2147483647;
			files = (
			);
			inputFileListPaths = (
				"${PODS_ROOT}/Target Support Files/Pods-Zatch/Pods-Zatch-frameworks-${CONFIGURATION}-input-files.xcfilelist",
			);
			name = "[CP] Embed Pods Frameworks";
			outputFileListPaths = (
				"${PODS_ROOT}/Target Support Files/Pods-Zatch/Pods-Zatch-frameworks-${CONFIGURATION}-output-files.xcfilelist",
			);
			runOnlyForDeploymentPostprocessing = 0;
			shellPath = /bin/sh;
			shellScript = "\"${PODS_ROOT}/Target Support Files/Pods-Zatch/Pods-Zatch-frameworks.sh\"\n";
			showEnvVarsInLog = 0;
		};
		951ABCB4FA1D5FB59BF0B290 /* [CP] Check Pods Manifest.lock */ = {
			isa = PBXShellScriptBuildPhase;
			buildActionMask = 2147483647;
			files = (
			);
			inputFileListPaths = (
			);
			inputPaths = (
				"${PODS_PODFILE_DIR_PATH}/Podfile.lock",
				"${PODS_ROOT}/Manifest.lock",
			);
			name = "[CP] Check Pods Manifest.lock";
			outputFileListPaths = (
			);
			outputPaths = (
				"$(DERIVED_FILE_DIR)/Pods-Zatch-ZatchUITests-checkManifestLockResult.txt",
			);
			runOnlyForDeploymentPostprocessing = 0;
			shellPath = /bin/sh;
			shellScript = "diff \"${PODS_PODFILE_DIR_PATH}/Podfile.lock\" \"${PODS_ROOT}/Manifest.lock\" > /dev/null\nif [ $? != 0 ] ; then\n    # print error to STDERR\n    echo \"error: The sandbox is not in sync with the Podfile.lock. Run 'pod install' or update your CocoaPods installation.\" >&2\n    exit 1\nfi\n# This output is used by Xcode 'outputs' to avoid re-running this script phase.\necho \"SUCCESS\" > \"${SCRIPT_OUTPUT_FILE_0}\"\n";
			showEnvVarsInLog = 0;
		};
		B2155CE5E1D4DABD971BD97E /* [CP] Check Pods Manifest.lock */ = {
			isa = PBXShellScriptBuildPhase;
			buildActionMask = 2147483647;
			files = (
			);
			inputFileListPaths = (
			);
			inputPaths = (
				"${PODS_PODFILE_DIR_PATH}/Podfile.lock",
				"${PODS_ROOT}/Manifest.lock",
			);
			name = "[CP] Check Pods Manifest.lock";
			outputFileListPaths = (
			);
			outputPaths = (
				"$(DERIVED_FILE_DIR)/Pods-Zatch-checkManifestLockResult.txt",
			);
			runOnlyForDeploymentPostprocessing = 0;
			shellPath = /bin/sh;
			shellScript = "diff \"${PODS_PODFILE_DIR_PATH}/Podfile.lock\" \"${PODS_ROOT}/Manifest.lock\" > /dev/null\nif [ $? != 0 ] ; then\n    # print error to STDERR\n    echo \"error: The sandbox is not in sync with the Podfile.lock. Run 'pod install' or update your CocoaPods installation.\" >&2\n    exit 1\nfi\n# This output is used by Xcode 'outputs' to avoid re-running this script phase.\necho \"SUCCESS\" > \"${SCRIPT_OUTPUT_FILE_0}\"\n";
			showEnvVarsInLog = 0;
		};
		F0452AE72637ACF0CFA360E6 /* [CP] Embed Pods Frameworks */ = {
			isa = PBXShellScriptBuildPhase;
			buildActionMask = 2147483647;
			files = (
			);
			inputFileListPaths = (
				"${PODS_ROOT}/Target Support Files/Pods-Zatch-ZatchUITests/Pods-Zatch-ZatchUITests-frameworks-${CONFIGURATION}-input-files.xcfilelist",
			);
			name = "[CP] Embed Pods Frameworks";
			outputFileListPaths = (
				"${PODS_ROOT}/Target Support Files/Pods-Zatch-ZatchUITests/Pods-Zatch-ZatchUITests-frameworks-${CONFIGURATION}-output-files.xcfilelist",
			);
			runOnlyForDeploymentPostprocessing = 0;
			shellPath = /bin/sh;
			shellScript = "\"${PODS_ROOT}/Target Support Files/Pods-Zatch-ZatchUITests/Pods-Zatch-ZatchUITests-frameworks.sh\"\n";
			showEnvVarsInLog = 0;
		};
/* End PBXShellScriptBuildPhase section */

/* Begin PBXSourcesBuildPhase section */
		575BF6F527E0CBC6008D5B3C /* Sources */ = {
			isa = PBXSourcesBuildPhase;
			buildActionMask = 2147483647;
			files = (
				57ED69C0282A4D8000ACA67D /* CustomTapGesture.swift in Sources */,
				57468A83289EB31200056691 /* MySearchTagCollectionViewCell.swift in Sources */,
				5767D787286ADA4D0075DB28 /* FirstProductInfoTableViewCell.swift in Sources */,
				57EF61B1287D5C000035A2E6 /* NavigationView.swift in Sources */,
				5767752A281CD130000BC7CD /* ViewController.swift in Sources */,
				5767752C281CDA4B000BC7CD /* MySearchViewController.swift in Sources */,
				5767D77528682D120075DB28 /* ImageTableViewCell.swift in Sources */,
				576EA923282B7F840028046C /* FirstRegisterViewController.swift in Sources */,
				57E31EC027E16BC0002DE500 /* MainZatchCollectionViewCell.swift in Sources */,
				57DFC63B283636A7003AEB39 /* FirstRegisterTableViewCell.swift in Sources */,
				57468A71289D044700056691 /* MySearchViewController+Layout.swift in Sources */,
				5767D7732868248E0075DB28 /* DetailViewController.swift in Sources */,
				57713944281F596C0066DEEB /* TitleView.swift in Sources */,
				57067864281C143A00F48342 /* UIColor.swift in Sources */,
				57B5D6D8283488B200EA1439 /* ImageAddCollectionViewCell.swift in Sources */,
				57468A85289EB32000056691 /* FindSearchTagCollectionViewCell.swift in Sources */,
				5767D781286962A20075DB28 /* SimilarZatchTableViewCell.swift in Sources */,
				57E31EB127E16A2A002DE500 /* MainZatchTableViewCell.swift in Sources */,
				57B5D6D328346AB100EA1439 /* ProductInputUIView.swift in Sources */,
				5767D78A286C0AF70075DB28 /* ZatchRoundCheck.swift in Sources */,
				57067866281C167100F48342 /* UIFont.swift in Sources */,
				571AD7132828D9EB00390AAD /* CategoryButtonView.swift in Sources */,
				57802396281D25A70085457D /* UICheckBox.swift in Sources */,
				57468A76289D077200056691 /* PurpleButton.swift in Sources */,
				5767D78D286C4AB70075DB28 /* ZatchTextRadioButton.swift in Sources */,
				576EA925282B7FBB0028046C /* SecondRegisterViewController.swift in Sources */,
				579F5E58281E574200D3F0D5 /* FindSearchViewController.swift in Sources */,
				57468A7F289E3F1D00056691 /* FindSearchViewController+Layout.swift in Sources */,
				5767D779286882B80075DB28 /* WantElseTableViewCell.swift in Sources */,
				574EC1ED282E62A000E3CE4B /* CategoryUIView.swift in Sources */,
				5706786B281C220B00F48342 /* MainGatchTableViewCell.swift in Sources */,
				57468A78289D2CD800056691 /* SearchTagCollectionViewCell.swift in Sources */,
				575BF6FD27E0CBC6008D5B3C /* AppDelegate.swift in Sources */,
				5767D783286962BC0075DB28 /* SimilarZatchCollectionViewCell.swift in Sources */,
				57468A6E289CFFB700056691 /* CategoryBottomSheet.swift in Sources */,
				57468A7D289DF60000056691 /* LeftAlignCollectionViewFlowLayout.swift in Sources */,
				575BF6FF27E0CBC6008D5B3C /* SceneDelegate.swift in Sources */,
				57C585022821F0A10078FAFF /* MyZatchBottomSheet.swift in Sources */,
				5767D777286832420075DB28 /* FirstWantTableViewCell.swift in Sources */,
				579F5E5A281E7F2800D3F0D5 /* ResultSearchViewController.swift in Sources */,
				57E31E9527E15BA3002DE500 /* MainViewController.swift in Sources */,
				57468A7B289D3C2300056691 /* CellCalledViewController.swift in Sources */,
				57468A74289D071100056691 /* UIButton.swift in Sources */,
				57468A87289F575000056691 /* ResultSearchViewController+Layout.swift in Sources */,
				57468A81289E3FB600056691 /* BaseViewController.swift in Sources */,
				57B5D6D6283475EA00EA1439 /* ImageAddTableViewCell.swift in Sources */,
				5706786D281C281700F48342 /* MainGatchCollectionViewCell.swift in Sources */,
				5752F1FA28200B8C004CA4A5 /* ResultTableViewCell.swift in Sources */,
				57C585042821F2A70078FAFF /* ServiceType.swift in Sources */,
				5767D77B286883020075DB28 /* ProductInfoTableViewCell.swift in Sources */,
				576EA927282B7FD60028046C /* CheckRegisterViewController.swift in Sources */,
				5767D77F28695BD60075DB28 /* MoreTextTableViewCell.swift in Sources */,
				5767D77D286944FB0075DB28 /* BottomFixView.swift in Sources */,
				5780238E281D029F0085457D /* SearchBSButton.swift in Sources */,
			);
			runOnlyForDeploymentPostprocessing = 0;
		};
		575BF70B27E0CBC8008D5B3C /* Sources */ = {
			isa = PBXSourcesBuildPhase;
			buildActionMask = 2147483647;
			files = (
				575BF71427E0CBC8008D5B3C /* ZatchTests.swift in Sources */,
			);
			runOnlyForDeploymentPostprocessing = 0;
		};
		575BF71627E0CBC8008D5B3C /* Sources */ = {
			isa = PBXSourcesBuildPhase;
			buildActionMask = 2147483647;
			files = (
				575BF71F27E0CBC8008D5B3C /* ZatchUITests.swift in Sources */,
			);
			runOnlyForDeploymentPostprocessing = 0;
		};
/* End PBXSourcesBuildPhase section */

/* Begin PBXTargetDependency section */
		575BF71127E0CBC8008D5B3C /* PBXTargetDependency */ = {
			isa = PBXTargetDependency;
			target = 575BF6F827E0CBC6008D5B3C /* Zatch */;
			targetProxy = 575BF71027E0CBC8008D5B3C /* PBXContainerItemProxy */;
		};
		575BF71C27E0CBC8008D5B3C /* PBXTargetDependency */ = {
			isa = PBXTargetDependency;
			target = 575BF6F827E0CBC6008D5B3C /* Zatch */;
			targetProxy = 575BF71B27E0CBC8008D5B3C /* PBXContainerItemProxy */;
		};
/* End PBXTargetDependency section */

/* Begin PBXVariantGroup section */
		575BF70227E0CBC6008D5B3C /* Main.storyboard */ = {
			isa = PBXVariantGroup;
			children = (
				575BF70327E0CBC6008D5B3C /* Base */,
			);
			name = Main.storyboard;
			sourceTree = "<group>";
		};
		575BF70727E0CBC8008D5B3C /* LaunchScreen.storyboard */ = {
			isa = PBXVariantGroup;
			children = (
				575BF70827E0CBC8008D5B3C /* Base */,
			);
			name = LaunchScreen.storyboard;
			sourceTree = "<group>";
		};
/* End PBXVariantGroup section */

/* Begin XCBuildConfiguration section */
		575BF72127E0CBC8008D5B3C /* Debug */ = {
			isa = XCBuildConfiguration;
			buildSettings = {
				ALWAYS_SEARCH_USER_PATHS = NO;
				CLANG_ANALYZER_NONNULL = YES;
				CLANG_ANALYZER_NUMBER_OBJECT_CONVERSION = YES_AGGRESSIVE;
				CLANG_CXX_LANGUAGE_STANDARD = "gnu++14";
				CLANG_CXX_LIBRARY = "libc++";
				CLANG_ENABLE_MODULES = YES;
				CLANG_ENABLE_OBJC_ARC = YES;
				CLANG_ENABLE_OBJC_WEAK = YES;
				CLANG_WARN_BLOCK_CAPTURE_AUTORELEASING = YES;
				CLANG_WARN_BOOL_CONVERSION = YES;
				CLANG_WARN_COMMA = YES;
				CLANG_WARN_CONSTANT_CONVERSION = YES;
				CLANG_WARN_DEPRECATED_OBJC_IMPLEMENTATIONS = YES;
				CLANG_WARN_DIRECT_OBJC_ISA_USAGE = YES_ERROR;
				CLANG_WARN_DOCUMENTATION_COMMENTS = YES;
				CLANG_WARN_EMPTY_BODY = YES;
				CLANG_WARN_ENUM_CONVERSION = YES;
				CLANG_WARN_INFINITE_RECURSION = YES;
				CLANG_WARN_INT_CONVERSION = YES;
				CLANG_WARN_NON_LITERAL_NULL_CONVERSION = YES;
				CLANG_WARN_OBJC_IMPLICIT_RETAIN_SELF = YES;
				CLANG_WARN_OBJC_LITERAL_CONVERSION = YES;
				CLANG_WARN_OBJC_ROOT_CLASS = YES_ERROR;
				CLANG_WARN_QUOTED_INCLUDE_IN_FRAMEWORK_HEADER = YES;
				CLANG_WARN_RANGE_LOOP_ANALYSIS = YES;
				CLANG_WARN_STRICT_PROTOTYPES = YES;
				CLANG_WARN_SUSPICIOUS_MOVE = YES;
				CLANG_WARN_UNGUARDED_AVAILABILITY = YES_AGGRESSIVE;
				CLANG_WARN_UNREACHABLE_CODE = YES;
				CLANG_WARN__DUPLICATE_METHOD_MATCH = YES;
				COPY_PHASE_STRIP = NO;
				DEBUG_INFORMATION_FORMAT = dwarf;
				ENABLE_STRICT_OBJC_MSGSEND = YES;
				ENABLE_TESTABILITY = YES;
				GCC_C_LANGUAGE_STANDARD = gnu11;
				GCC_DYNAMIC_NO_PIC = NO;
				GCC_NO_COMMON_BLOCKS = YES;
				GCC_OPTIMIZATION_LEVEL = 0;
				GCC_PREPROCESSOR_DEFINITIONS = (
					"DEBUG=1",
					"$(inherited)",
				);
				GCC_WARN_64_TO_32_BIT_CONVERSION = YES;
				GCC_WARN_ABOUT_RETURN_TYPE = YES_ERROR;
				GCC_WARN_UNDECLARED_SELECTOR = YES;
				GCC_WARN_UNINITIALIZED_AUTOS = YES_AGGRESSIVE;
				GCC_WARN_UNUSED_FUNCTION = YES;
				GCC_WARN_UNUSED_VARIABLE = YES;
				IPHONEOS_DEPLOYMENT_TARGET = 14.3;
				MTL_ENABLE_DEBUG_INFO = INCLUDE_SOURCE;
				MTL_FAST_MATH = YES;
				ONLY_ACTIVE_ARCH = YES;
				SDKROOT = iphoneos;
				SWIFT_ACTIVE_COMPILATION_CONDITIONS = DEBUG;
				SWIFT_OPTIMIZATION_LEVEL = "-Onone";
			};
			name = Debug;
		};
		575BF72227E0CBC8008D5B3C /* Release */ = {
			isa = XCBuildConfiguration;
			buildSettings = {
				ALWAYS_SEARCH_USER_PATHS = NO;
				CLANG_ANALYZER_NONNULL = YES;
				CLANG_ANALYZER_NUMBER_OBJECT_CONVERSION = YES_AGGRESSIVE;
				CLANG_CXX_LANGUAGE_STANDARD = "gnu++14";
				CLANG_CXX_LIBRARY = "libc++";
				CLANG_ENABLE_MODULES = YES;
				CLANG_ENABLE_OBJC_ARC = YES;
				CLANG_ENABLE_OBJC_WEAK = YES;
				CLANG_WARN_BLOCK_CAPTURE_AUTORELEASING = YES;
				CLANG_WARN_BOOL_CONVERSION = YES;
				CLANG_WARN_COMMA = YES;
				CLANG_WARN_CONSTANT_CONVERSION = YES;
				CLANG_WARN_DEPRECATED_OBJC_IMPLEMENTATIONS = YES;
				CLANG_WARN_DIRECT_OBJC_ISA_USAGE = YES_ERROR;
				CLANG_WARN_DOCUMENTATION_COMMENTS = YES;
				CLANG_WARN_EMPTY_BODY = YES;
				CLANG_WARN_ENUM_CONVERSION = YES;
				CLANG_WARN_INFINITE_RECURSION = YES;
				CLANG_WARN_INT_CONVERSION = YES;
				CLANG_WARN_NON_LITERAL_NULL_CONVERSION = YES;
				CLANG_WARN_OBJC_IMPLICIT_RETAIN_SELF = YES;
				CLANG_WARN_OBJC_LITERAL_CONVERSION = YES;
				CLANG_WARN_OBJC_ROOT_CLASS = YES_ERROR;
				CLANG_WARN_QUOTED_INCLUDE_IN_FRAMEWORK_HEADER = YES;
				CLANG_WARN_RANGE_LOOP_ANALYSIS = YES;
				CLANG_WARN_STRICT_PROTOTYPES = YES;
				CLANG_WARN_SUSPICIOUS_MOVE = YES;
				CLANG_WARN_UNGUARDED_AVAILABILITY = YES_AGGRESSIVE;
				CLANG_WARN_UNREACHABLE_CODE = YES;
				CLANG_WARN__DUPLICATE_METHOD_MATCH = YES;
				COPY_PHASE_STRIP = NO;
				DEBUG_INFORMATION_FORMAT = "dwarf-with-dsym";
				ENABLE_NS_ASSERTIONS = NO;
				ENABLE_STRICT_OBJC_MSGSEND = YES;
				GCC_C_LANGUAGE_STANDARD = gnu11;
				GCC_NO_COMMON_BLOCKS = YES;
				GCC_WARN_64_TO_32_BIT_CONVERSION = YES;
				GCC_WARN_ABOUT_RETURN_TYPE = YES_ERROR;
				GCC_WARN_UNDECLARED_SELECTOR = YES;
				GCC_WARN_UNINITIALIZED_AUTOS = YES_AGGRESSIVE;
				GCC_WARN_UNUSED_FUNCTION = YES;
				GCC_WARN_UNUSED_VARIABLE = YES;
				IPHONEOS_DEPLOYMENT_TARGET = 14.3;
				MTL_ENABLE_DEBUG_INFO = NO;
				MTL_FAST_MATH = YES;
				SDKROOT = iphoneos;
				SWIFT_COMPILATION_MODE = wholemodule;
				SWIFT_OPTIMIZATION_LEVEL = "-O";
				VALIDATE_PRODUCT = YES;
			};
			name = Release;
		};
		575BF72427E0CBC8008D5B3C /* Debug */ = {
			isa = XCBuildConfiguration;
			baseConfigurationReference = E1ECF3FCD93713F954667AE0 /* Pods-Zatch.debug.xcconfig */;
			buildSettings = {
				ASSETCATALOG_COMPILER_APPICON_NAME = AppIcon;
				ASSETCATALOG_COMPILER_GLOBAL_ACCENT_COLOR_NAME = AccentColor;
				CODE_SIGN_STYLE = Automatic;
				DEVELOPMENT_TEAM = DS2AD6Q7T4;
				INFOPLIST_FILE = Zatch/Info.plist;
				LD_RUNPATH_SEARCH_PATHS = (
					"$(inherited)",
					"@executable_path/Frameworks",
				);
				PRODUCT_BUNDLE_IDENTIFIER = ssooya.Zatch;
				PRODUCT_NAME = "$(TARGET_NAME)";
				SWIFT_VERSION = 5.0;
				TARGETED_DEVICE_FAMILY = "1,2";
			};
			name = Debug;
		};
		575BF72527E0CBC8008D5B3C /* Release */ = {
			isa = XCBuildConfiguration;
			baseConfigurationReference = 6BFC1216960D9D4323F7BC5B /* Pods-Zatch.release.xcconfig */;
			buildSettings = {
				ASSETCATALOG_COMPILER_APPICON_NAME = AppIcon;
				ASSETCATALOG_COMPILER_GLOBAL_ACCENT_COLOR_NAME = AccentColor;
				CODE_SIGN_STYLE = Automatic;
				DEVELOPMENT_TEAM = DS2AD6Q7T4;
				INFOPLIST_FILE = Zatch/Info.plist;
				LD_RUNPATH_SEARCH_PATHS = (
					"$(inherited)",
					"@executable_path/Frameworks",
				);
				PRODUCT_BUNDLE_IDENTIFIER = ssooya.Zatch;
				PRODUCT_NAME = "$(TARGET_NAME)";
				SWIFT_VERSION = 5.0;
				TARGETED_DEVICE_FAMILY = "1,2";
			};
			name = Release;
		};
		575BF72727E0CBC8008D5B3C /* Debug */ = {
			isa = XCBuildConfiguration;
			baseConfigurationReference = D5D5204E418FF36093189736 /* Pods-ZatchTests.debug.xcconfig */;
			buildSettings = {
				ALWAYS_EMBED_SWIFT_STANDARD_LIBRARIES = YES;
				BUNDLE_LOADER = "$(TEST_HOST)";
				CODE_SIGN_STYLE = Automatic;
				DEVELOPMENT_TEAM = DS2AD6Q7T4;
				INFOPLIST_FILE = ZatchTests/Info.plist;
				IPHONEOS_DEPLOYMENT_TARGET = 14.3;
				LD_RUNPATH_SEARCH_PATHS = (
					"$(inherited)",
					"@executable_path/Frameworks",
					"@loader_path/Frameworks",
				);
				PRODUCT_BUNDLE_IDENTIFIER = ssooya.ZatchTests;
				PRODUCT_NAME = "$(TARGET_NAME)";
				SWIFT_VERSION = 5.0;
				TARGETED_DEVICE_FAMILY = "1,2";
				TEST_HOST = "$(BUILT_PRODUCTS_DIR)/Zatch.app/Zatch";
			};
			name = Debug;
		};
		575BF72827E0CBC8008D5B3C /* Release */ = {
			isa = XCBuildConfiguration;
			baseConfigurationReference = E705AC3AD84492ACE0D42AB4 /* Pods-ZatchTests.release.xcconfig */;
			buildSettings = {
				ALWAYS_EMBED_SWIFT_STANDARD_LIBRARIES = YES;
				BUNDLE_LOADER = "$(TEST_HOST)";
				CODE_SIGN_STYLE = Automatic;
				DEVELOPMENT_TEAM = DS2AD6Q7T4;
				INFOPLIST_FILE = ZatchTests/Info.plist;
				IPHONEOS_DEPLOYMENT_TARGET = 14.3;
				LD_RUNPATH_SEARCH_PATHS = (
					"$(inherited)",
					"@executable_path/Frameworks",
					"@loader_path/Frameworks",
				);
				PRODUCT_BUNDLE_IDENTIFIER = ssooya.ZatchTests;
				PRODUCT_NAME = "$(TARGET_NAME)";
				SWIFT_VERSION = 5.0;
				TARGETED_DEVICE_FAMILY = "1,2";
				TEST_HOST = "$(BUILT_PRODUCTS_DIR)/Zatch.app/Zatch";
			};
			name = Release;
		};
		575BF72A27E0CBC8008D5B3C /* Debug */ = {
			isa = XCBuildConfiguration;
			baseConfigurationReference = A12BFFF99102B09A432C319C /* Pods-Zatch-ZatchUITests.debug.xcconfig */;
			buildSettings = {
				ALWAYS_EMBED_SWIFT_STANDARD_LIBRARIES = YES;
				CODE_SIGN_STYLE = Automatic;
				DEVELOPMENT_TEAM = DS2AD6Q7T4;
				INFOPLIST_FILE = ZatchUITests/Info.plist;
				LD_RUNPATH_SEARCH_PATHS = (
					"$(inherited)",
					"@executable_path/Frameworks",
					"@loader_path/Frameworks",
				);
				PRODUCT_BUNDLE_IDENTIFIER = ssooya.ZatchUITests;
				PRODUCT_NAME = "$(TARGET_NAME)";
				SWIFT_VERSION = 5.0;
				TARGETED_DEVICE_FAMILY = "1,2";
				TEST_TARGET_NAME = Zatch;
			};
			name = Debug;
		};
		575BF72B27E0CBC8008D5B3C /* Release */ = {
			isa = XCBuildConfiguration;
			baseConfigurationReference = 629573387A4542584E8E9DBB /* Pods-Zatch-ZatchUITests.release.xcconfig */;
			buildSettings = {
				ALWAYS_EMBED_SWIFT_STANDARD_LIBRARIES = YES;
				CODE_SIGN_STYLE = Automatic;
				DEVELOPMENT_TEAM = DS2AD6Q7T4;
				INFOPLIST_FILE = ZatchUITests/Info.plist;
				LD_RUNPATH_SEARCH_PATHS = (
					"$(inherited)",
					"@executable_path/Frameworks",
					"@loader_path/Frameworks",
				);
				PRODUCT_BUNDLE_IDENTIFIER = ssooya.ZatchUITests;
				PRODUCT_NAME = "$(TARGET_NAME)";
				SWIFT_VERSION = 5.0;
				TARGETED_DEVICE_FAMILY = "1,2";
				TEST_TARGET_NAME = Zatch;
			};
			name = Release;
		};
/* End XCBuildConfiguration section */

/* Begin XCConfigurationList section */
		575BF6F427E0CBC6008D5B3C /* Build configuration list for PBXProject "Zatch" */ = {
			isa = XCConfigurationList;
			buildConfigurations = (
				575BF72127E0CBC8008D5B3C /* Debug */,
				575BF72227E0CBC8008D5B3C /* Release */,
			);
			defaultConfigurationIsVisible = 0;
			defaultConfigurationName = Release;
		};
		575BF72327E0CBC8008D5B3C /* Build configuration list for PBXNativeTarget "Zatch" */ = {
			isa = XCConfigurationList;
			buildConfigurations = (
				575BF72427E0CBC8008D5B3C /* Debug */,
				575BF72527E0CBC8008D5B3C /* Release */,
			);
			defaultConfigurationIsVisible = 0;
			defaultConfigurationName = Release;
		};
		575BF72627E0CBC8008D5B3C /* Build configuration list for PBXNativeTarget "ZatchTests" */ = {
			isa = XCConfigurationList;
			buildConfigurations = (
				575BF72727E0CBC8008D5B3C /* Debug */,
				575BF72827E0CBC8008D5B3C /* Release */,
			);
			defaultConfigurationIsVisible = 0;
			defaultConfigurationName = Release;
		};
		575BF72927E0CBC8008D5B3C /* Build configuration list for PBXNativeTarget "ZatchUITests" */ = {
			isa = XCConfigurationList;
			buildConfigurations = (
				575BF72A27E0CBC8008D5B3C /* Debug */,
				575BF72B27E0CBC8008D5B3C /* Release */,
			);
			defaultConfigurationIsVisible = 0;
			defaultConfigurationName = Release;
		};
/* End XCConfigurationList section */
	};
	rootObject = 575BF6F127E0CBC6008D5B3C /* Project object */;
}
